
Microsoft Visual Studio Solution File, Format Version 12.00
# Visual Studio Version 16
VisualStudioVersion = 16.0.31515.178
MinimumVisualStudioVersion = 10.0.40219.1
Project("{FAE04EC0-301F-11D3-BF4B-00C04F79EFBC}") = "Clone1C", "Clone1C.csproj", "{051F9227-46E8-413A-824A-2B8175625CFA}"
EndProject
Global
	GlobalSection(SolutionConfigurationPlatforms) = preSolution
		Debug|Any CPU = Debug|Any CPU
		Release|Any CPU = Release|Any CPU
	EndGlobalSection
	GlobalSection(ProjectConfigurationPlatforms) = postSolution
		{051F9227-46E8-413A-824A-2B8175625CFA}.Debug|Any CPU.ActiveCfg = Debug|Any CPU
		{051F9227-46E8-413A-824A-2B8175625CFA}.Debug|Any CPU.Build.0 = Debug|Any CPU
		{051F9227-46E8-413A-824A-2B8175625CFA}.Release|Any CPU.ActiveCfg = Release|Any CPU
		{051F9227-46E8-413A-824A-2B8175625CFA}.Release|Any CPU.Build.0 = Release|Any CPU
	EndGlobalSection
	GlobalSection(SolutionProperties) = preSolution
		HideSolutionNode = FALSE
	EndGlobalSection
	GlobalSection(ExtensibilityGlobals) = postSolution
		SolutionGuid = {2D226DD8-FAFF-439B-B09B-A85A8D482117}
	EndGlobalSection
EndGlobal
